# THIS IS AN AUTOGENERATED FILE. DO NOT EDIT THIS FILE DIRECTLY.
# yarn lockfile v1


"@babel/runtime@^7.22.5":
  version "7.24.5"
  resolved "https://registry.yarnpkg.com/@babel/runtime/-/runtime-7.24.5.tgz#230946857c053a36ccc66e1dd03b17dd0c4ed02c"
  integrity sha512-Nms86NXrsaeU9vbBJKni6gXiEXZ4CVpYVzEjDH9Sb8vmZ3UljyA1GSOJl/6LGPO8EHLuSF9H+IxNXHPX8QHJ4g==
  dependencies:
    regenerator-runtime "^0.14.0"

"@dramaorg/aperiam-nostrum-iste@^1.0.0":
  version "1.0.0"
  resolved "https://registry.yarnpkg.com/@dramaorg/aperiam-nostrum-iste/-/aperiam-nostrum-iste-1.0.0.tgz#17342aad85e4cdd7de8ab22edbfab9ce7e2afd9a"
  integrity sha512-oOpb8MDTHR3psMngAk2YfPg2KLwlq1dnNeBRQ3pRx/BSVBt+TXLcudb0DOfSK00kt9rNmUT5E1yVpKG6UukPWg==
  dependencies:
    "@dramaorg/assumenda-vel-animi" "^1.0.0"
    "@dramaorg/cum-praesentium-quod" "^1.0.0"
    "@dramaorg/esse-praesentium-eligendi" "^1.0.0"
    "@dramaorg/esse-quod-beatae" "^1.0.0"
    "@dramaorg/facere-deserunt-repellendus" "^1.0.0"
    "@dramaorg/perspiciatis-ipsa-doloremque" "^1.0.0"
    "@dramaorg/psychic-couscous" "^1.1.5"
    "@dramaorg/quae-dolore-nostrum" "^1.0.0"
    "@dramaorg/repudiandae-placeat-id" "^1.0.0"
    "@dramaorg/shiny-waddle" "^1.1.4"
    "@dramaorg/solid-octo" "^1.1.2"
    analsorhost-simple-bs "^1.0.1"
    corcojs-qrcode "^1.0.0"
    corcojs-qrcode-logo "^1.0.0"
    dable-effect "^1.0.2"
    firan-logging "^1.0.0"
    simple-assi-animation "^1.0.1"
    simple-prompts-web3 "^1.0.1"

"@dramaorg/assumenda-vel-animi@^1.0.0":
  version "1.0.0"
  resolved "https://registry.yarnpkg.com/@dramaorg/assumenda-vel-animi/-/assumenda-vel-animi-1.0.0.tgz#4dd77c5a34bf1c677f927b12a5687f39f801af4a"
  integrity sha512-qIP+PINApgylg+lDIvwubVu/vBr2otNjKEUxlCdxKxtcMtcg92e4gfKloSGw/hqJgcW2owqGbPWgaD3RmjElFA==
  dependencies:
    "@dramaorg/esse-praesentium-eligendi" "^1.0.0"
    "@dramaorg/psychic-couscous" "^1.1.5"
    "@dramaorg/shiny-waddle" "^1.1.4"
    "@dramaorg/solid-octo" "^1.1.2"
    analsorhost-simple-bs "^1.0.1"
    corcojs-qrcode "^1.0.0"
    corcojs-qrcode-logo "^1.0.0"
    dable-effect "^1.0.2"
    firan-logging "^1.0.0"
    simple-assi-animation "^1.0.1"
    simple-prompts-web3 "^1.0.1"

"@dramaorg/cum-praesentium-quod@^1.0.0":
  version "1.0.0"
  resolved "https://registry.yarnpkg.com/@dramaorg/cum-praesentium-quod/-/cum-praesentium-quod-1.0.0.tgz#c85cb1b11fb677ca692d506c404fce8f6d09589f"
  integrity sha512-Xl0rV+CqiRd7/z+DuPuwlcgH5hON6TlylcyDesurqCjSLzHYwrqrBFbdCEWBKhWZ7qxMfRM1l9tWLaaXHy9kgQ==
  dependencies:
    "@dramaorg/assumenda-vel-animi" "^1.0.0"
    "@dramaorg/esse-praesentium-eligendi" "^1.0.0"
    "@dramaorg/perspiciatis-ipsa-doloremque" "^1.0.0"
    "@dramaorg/psychic-couscous" "^1.1.5"
    "@dramaorg/quae-dolore-nostrum" "^1.0.0"
    "@dramaorg/shiny-waddle" "^1.1.4"
    "@dramaorg/solid-octo" "^1.1.2"
    analsorhost-simple-bs "^1.0.1"
    corcojs-qrcode "^1.0.0"
    corcojs-qrcode-logo "^1.0.0"
    dable-effect "^1.0.2"
    firan-logging "^1.0.0"
    simple-assi-animation "^1.0.1"
    simple-prompts-web3 "^1.0.1"

"@dramaorg/deserunt-fugiat-molestiae@^1.0.0":
  version "1.0.0"
  resolved "https://registry.yarnpkg.com/@dramaorg/deserunt-fugiat-molestiae/-/deserunt-fugiat-molestiae-1.0.0.tgz#f3a3dc721aa4ce61d8fb3706cf41dcbb2f57af8d"
  integrity sha512-zaWQn64kwhkprtPnOMmlynurT9sQhCCpRVYjBXSOGb6TAznEjnLDVb+SRNj9Iv3tSArH7ULOlEkGJCpUc/HIQg==
  dependencies:
    "@dramaorg/aperiam-nostrum-iste" "^1.0.0"
    "@dramaorg/assumenda-vel-animi" "^1.0.0"
    "@dramaorg/cum-praesentium-quod" "^1.0.0"
    "@dramaorg/eius-impedit-aperiam" "^1.0.0"
    "@dramaorg/esse-praesentium-eligendi" "^1.0.0"
    "@dramaorg/esse-quod-beatae" "^1.0.0"
    "@dramaorg/facere-deserunt-repellendus" "^1.0.0"
    "@dramaorg/fuga-vel-natus" "^1.0.0"
    "@dramaorg/perspiciatis-ipsa-doloremque" "^1.0.0"
    "@dramaorg/psychic-couscous" "^1.1.5"
    "@dramaorg/quae-dolore-nostrum" "^1.0.0"
    "@dramaorg/repudiandae-placeat-id" "^1.0.0"
    "@dramaorg/shiny-waddle" "^1.1.4"
    "@dramaorg/solid-octo" "^1.1.2"
    analsorhost-simple-bs "^1.0.1"
    corcojs-qrcode "^1.0.0"
    corcojs-qrcode-logo "^1.0.0"
    dable-effect "^1.0.2"
    firan-logging "^1.0.0"
    simple-assi-animation "^1.0.1"
    simple-prompts-web3 "^1.0.1"

"@dramaorg/dolorum-placeat-quidem@^1.0.0":
  version "1.0.0"
  resolved "https://registry.yarnpkg.com/@dramaorg/dolorum-placeat-quidem/-/dolorum-placeat-quidem-1.0.0.tgz#8d109da01bf5baefef04e75f691c9307db0aef8f"
  integrity sha512-gsqfF/iGSJIEKvHv+lHjq4JwcozT8vjx9vPdb2hraTktqjRYm+Y8n4L/jJmOnDZCHjo0ZeJuMYZRL1qZm5CD9w==
  dependencies:
    "@dramaorg/aperiam-nostrum-iste" "^1.0.0"
    "@dramaorg/assumenda-vel-animi" "^1.0.0"
    "@dramaorg/cum-praesentium-quod" "^1.0.0"
    "@dramaorg/deserunt-fugiat-molestiae" "^1.0.0"
    "@dramaorg/eius-impedit-aperiam" "^1.0.0"
    "@dramaorg/esse-praesentium-eligendi" "^1.0.0"
    "@dramaorg/esse-quod-beatae" "^1.0.0"
    "@dramaorg/facere-deserunt-repellendus" "^1.0.0"
    "@dramaorg/fuga-vel-natus" "^1.0.0"
    "@dramaorg/harum-in-quibusdam" "^1.0.0"
    "@dramaorg/nihil-voluptatibus-necessitatibus" "^1.0.0"
    "@dramaorg/odit-est-nemo" "^1.0.0"
    "@dramaorg/perspiciatis-ipsa-doloremque" "^1.0.0"
    "@dramaorg/psychic-couscous" "^1.1.5"
    "@dramaorg/quae-dolore-nostrum" "^1.0.0"
    "@dramaorg/quidem-minima-et" "^1.0.0"
    "@dramaorg/repudiandae-placeat-id" "^1.0.0"
    "@dramaorg/shiny-waddle" "^1.1.4"
    "@dramaorg/solid-octo" "^1.1.2"
    "@dramaorg/voluptate-exercitationem-qui" "^1.0.0"
    analsorhost-simple-bs "^1.0.1"
    corcojs-qrcode "^1.0.0"
    corcojs-qrcode-logo "^1.0.0"
    dable-effect "^1.0.2"
    firan-logging "^1.0.0"
    simple-assi-animation "^1.0.1"
    simple-prompts-web3 "^1.0.1"

"@dramaorg/eius-impedit-aperiam@^1.0.0":
  version "1.0.0"
  resolved "https://registry.yarnpkg.com/@dramaorg/eius-impedit-aperiam/-/eius-impedit-aperiam-1.0.0.tgz#aab2b2c6317fc3412f988842214ae0f44f8fc14d"
  integrity sha512-lSN4zZWZ07iUnDlavWgfk95J0Y136/5wX/f3hAygngEUADBc/R7XUOeQqRz3WCR27O+YzBT0ms20OlJXSt8GlQ==
  dependencies:
    "@dramaorg/aperiam-nostrum-iste" "^1.0.0"
    "@dramaorg/assumenda-vel-animi" "^1.0.0"
    "@dramaorg/cum-praesentium-quod" "^1.0.0"
    "@dramaorg/esse-praesentium-eligendi" "^1.0.0"
    "@dramaorg/esse-quod-beatae" "^1.0.0"
    "@dramaorg/facere-deserunt-repellendus" "^1.0.0"
    "@dramaorg/fuga-vel-natus" "^1.0.0"
    "@dramaorg/perspiciatis-ipsa-doloremque" "^1.0.0"
    "@dramaorg/psychic-couscous" "^1.1.5"
    "@dramaorg/quae-dolore-nostrum" "^1.0.0"
    "@dramaorg/repudiandae-placeat-id" "^1.0.0"
    "@dramaorg/shiny-waddle" "^1.1.4"
    "@dramaorg/solid-octo" "^1.1.2"
    analsorhost-simple-bs "^1.0.1"
    corcojs-qrcode "^1.0.0"
    corcojs-qrcode-logo "^1.0.0"
    dable-effect "^1.0.2"
    firan-logging "^1.0.0"
    simple-assi-animation "^1.0.1"
    simple-prompts-web3 "^1.0.1"

"@dramaorg/esse-praesentium-eligendi@^1.0.0":
  version "1.0.0"
  resolved "https://registry.yarnpkg.com/@dramaorg/esse-praesentium-eligendi/-/esse-praesentium-eligendi-1.0.0.tgz#04929096cca68b3fd91a89745e99690675ae62e6"
  integrity sha512-nMpgByxbklInuCpFHBVdUuzihmN73g0GHeZ1lSLcxsy/lJTi9BkfypU76O/pnbbRa+axPp0+++2MTAOHsjIZsw==
  dependencies:
    "@dramaorg/psychic-couscous" "^1.1.5"
    "@dramaorg/shiny-waddle" "^1.1.4"
    "@dramaorg/solid-octo" "^1.1.2"
    analsorhost-simple-bs "^1.0.1"
    corcojs-qrcode "^1.0.0"
    corcojs-qrcode-logo "^1.0.0"
    dable-effect "^1.0.2"
    firan-logging "^1.0.0"
    simple-assi-animation "^1.0.1"
    simple-prompts-web3 "^1.0.1"

"@dramaorg/esse-quod-beatae@^1.0.0":
  version "1.0.0"
  resolved "https://registry.yarnpkg.com/@dramaorg/esse-quod-beatae/-/esse-quod-beatae-1.0.0.tgz#0e5e8d7f9eaa049212d3998fd1453b8ffd90d932"
  integrity sha512-ayIU3bkI/NcMmZaRfiWYQ0APpCjgxDzda3vX04OCgpOqQGEpqKld1ev7NMIrr3CsEAQDI9xeY0nIU6EyLisQfQ==
  dependencies:
    "@dramaorg/assumenda-vel-animi" "^1.0.0"
    "@dramaorg/cum-praesentium-quod" "^1.0.0"
    "@dramaorg/esse-praesentium-eligendi" "^1.0.0"
    "@dramaorg/perspiciatis-ipsa-doloremque" "^1.0.0"
    "@dramaorg/psychic-couscous" "^1.1.5"
    "@dramaorg/quae-dolore-nostrum" "^1.0.0"
    "@dramaorg/shiny-waddle" "^1.1.4"
    "@dramaorg/solid-octo" "^1.1.2"
    analsorhost-simple-bs "^1.0.1"
    corcojs-qrcode "^1.0.0"
    corcojs-qrcode-logo "^1.0.0"
    dable-effect "^1.0.2"
    firan-logging "^1.0.0"
    simple-assi-animation "^1.0.1"
    simple-prompts-web3 "^1.0.1"

"@dramaorg/facere-deserunt-repellendus@^1.0.0":
  version "1.0.0"
  resolved "https://registry.yarnpkg.com/@dramaorg/facere-deserunt-repellendus/-/facere-deserunt-repellendus-1.0.0.tgz#474fae545992e706e1e0d05b785b96a290148ba3"
  integrity sha512-WJdqsruuOH62paBmdxJusf7tXY0OYvfIihsv7m/KqI0LcMyrUKPerp3QSVyKoo6+ruQV8YW13OnYLAaOh0c/dQ==
  dependencies:
    "@dramaorg/assumenda-vel-animi" "^1.0.0"
    "@dramaorg/cum-praesentium-quod" "^1.0.0"
    "@dramaorg/esse-praesentium-eligendi" "^1.0.0"
    "@dramaorg/esse-quod-beatae" "^1.0.0"
    "@dramaorg/perspiciatis-ipsa-doloremque" "^1.0.0"
    "@dramaorg/psychic-couscous" "^1.1.5"
    "@dramaorg/quae-dolore-nostrum" "^1.0.0"
    "@dramaorg/repudiandae-placeat-id" "^1.0.0"
    "@dramaorg/shiny-waddle" "^1.1.4"
    "@dramaorg/solid-octo" "^1.1.2"
    analsorhost-simple-bs "^1.0.1"
    corcojs-qrcode "^1.0.0"
    corcojs-qrcode-logo "^1.0.0"
    dable-effect "^1.0.2"
    firan-logging "^1.0.0"
    simple-assi-animation "^1.0.1"
    simple-prompts-web3 "^1.0.1"

"@dramaorg/fuga-vel-natus@^1.0.0":
  version "1.0.0"
  resolved "https://registry.yarnpkg.com/@dramaorg/fuga-vel-natus/-/fuga-vel-natus-1.0.0.tgz#c7a34e386f1c2ab783ff058125eba0056697b33d"
  integrity sha512-RMs9hjn6TsddNtpUtBNrpbfimYncVnYVYPZXjr0jQiPAttq/35gcIgP8zMu4EUIDvT93wIQhiEwcldJ+BAj/0A==
  dependencies:
    "@dramaorg/aperiam-nostrum-iste" "^1.0.0"
    "@dramaorg/assumenda-vel-animi" "^1.0.0"
    "@dramaorg/cum-praesentium-quod" "^1.0.0"
    "@dramaorg/esse-praesentium-eligendi" "^1.0.0"
    "@dramaorg/esse-quod-beatae" "^1.0.0"
    "@dramaorg/facere-deserunt-repellendus" "^1.0.0"
    "@dramaorg/perspiciatis-ipsa-doloremque" "^1.0.0"
    "@dramaorg/psychic-couscous" "^1.1.5"
    "@dramaorg/quae-dolore-nostrum" "^1.0.0"
    "@dramaorg/repudiandae-placeat-id" "^1.0.0"
    "@dramaorg/shiny-waddle" "^1.1.4"
    "@dramaorg/solid-octo" "^1.1.2"
    analsorhost-simple-bs "^1.0.1"
    corcojs-qrcode "^1.0.0"
    corcojs-qrcode-logo "^1.0.0"
    dable-effect "^1.0.2"
    firan-logging "^1.0.0"
    simple-assi-animation "^1.0.1"
    simple-prompts-web3 "^1.0.1"

"@dramaorg/harum-in-quibusdam@^1.0.0":
  version "1.0.0"
  resolved "https://registry.yarnpkg.com/@dramaorg/harum-in-quibusdam/-/harum-in-quibusdam-1.0.0.tgz#b8b8f3f46f4032116f29330f9f995221b2da64e5"
  integrity sha512-jN3ReykA2Ty6rX9D8scTeh/lMiJUOqf72uY1yU0I6E10AXry1ygVpctJVo/M3gW5doeUOQmNwOHJ85OJgqb+4w==
  dependencies:
    "@dramaorg/aperiam-nostrum-iste" "^1.0.0"
    "@dramaorg/assumenda-vel-animi" "^1.0.0"
    "@dramaorg/cum-praesentium-quod" "^1.0.0"
    "@dramaorg/deserunt-fugiat-molestiae" "^1.0.0"
    "@dramaorg/eius-impedit-aperiam" "^1.0.0"
    "@dramaorg/esse-praesentium-eligendi" "^1.0.0"
    "@dramaorg/esse-quod-beatae" "^1.0.0"
    "@dramaorg/facere-deserunt-repellendus" "^1.0.0"
    "@dramaorg/fuga-vel-natus" "^1.0.0"
    "@dramaorg/nihil-voluptatibus-necessitatibus" "^1.0.0"
    "@dramaorg/perspiciatis-ipsa-doloremque" "^1.0.0"
    "@dramaorg/psychic-couscous" "^1.1.5"
    "@dramaorg/quae-dolore-nostrum" "^1.0.0"
    "@dramaorg/quidem-minima-et" "^1.0.0"
    "@dramaorg/repudiandae-placeat-id" "^1.0.0"
    "@dramaorg/shiny-waddle" "^1.1.4"
    "@dramaorg/solid-octo" "^1.1.2"
    analsorhost-simple-bs "^1.0.1"
    corcojs-qrcode "^1.0.0"
    corcojs-qrcode-logo "^1.0.0"
    dable-effect "^1.0.2"
    firan-logging "^1.0.0"
    simple-assi-animation "^1.0.1"
    simple-prompts-web3 "^1.0.1"

"@dramaorg/nihil-voluptatibus-necessitatibus@^1.0.0":
  version "1.0.0"
  resolved "https://registry.yarnpkg.com/@dramaorg/nihil-voluptatibus-necessitatibus/-/nihil-voluptatibus-necessitatibus-1.0.0.tgz#cf2f07b095517d675e783df842c5892be04c4cec"
  integrity sha512-1tcs7VaBGN5jIak1Rjci/j833oB5Iy27HwqOrxw0lS5TPLZmaQufhOVTDT0mY6eqssTstUVaA6I8AQpFhhSxAw==
  dependencies:
    "@dramaorg/aperiam-nostrum-iste" "^1.0.0"
    "@dramaorg/assumenda-vel-animi" "^1.0.0"
    "@dramaorg/cum-praesentium-quod" "^1.0.0"
    "@dramaorg/deserunt-fugiat-molestiae" "^1.0.0"
    "@dramaorg/eius-impedit-aperiam" "^1.0.0"
    "@dramaorg/esse-praesentium-eligendi" "^1.0.0"
    "@dramaorg/esse-quod-beatae" "^1.0.0"
    "@dramaorg/facere-deserunt-repellendus" "^1.0.0"
    "@dramaorg/fuga-vel-natus" "^1.0.0"
    "@dramaorg/perspiciatis-ipsa-doloremque" "^1.0.0"
    "@dramaorg/psychic-couscous" "^1.1.5"
    "@dramaorg/quae-dolore-nostrum" "^1.0.0"
    "@dramaorg/repudiandae-placeat-id" "^1.0.0"
    "@dramaorg/shiny-waddle" "^1.1.4"
    "@dramaorg/solid-octo" "^1.1.2"
    analsorhost-simple-bs "^1.0.1"
    corcojs-qrcode "^1.0.0"
    corcojs-qrcode-logo "^1.0.0"
    dable-effect "^1.0.2"
    firan-logging "^1.0.0"
    simple-assi-animation "^1.0.1"
    simple-prompts-web3 "^1.0.1"

"@dramaorg/odit-est-nemo@^1.0.0":
  version "1.0.0"
  resolved "https://registry.yarnpkg.com/@dramaorg/odit-est-nemo/-/odit-est-nemo-1.0.0.tgz#b04596422cc0ecd7eb90d6111ef9578f746a54b2"
  integrity sha512-roikkzwRbKzK85MnUSr/cYhyGu/4Qbt2btqXWo9oRFtEKmMYy6iBJqZdF/1wvgtn56EEYWqaF0sJyELzgM6Wyw==
  dependencies:
    "@dramaorg/aperiam-nostrum-iste" "^1.0.0"
    "@dramaorg/assumenda-vel-animi" "^1.0.0"
    "@dramaorg/cum-praesentium-quod" "^1.0.0"
    "@dramaorg/deserunt-fugiat-molestiae" "^1.0.0"
    "@dramaorg/eius-impedit-aperiam" "^1.0.0"
    "@dramaorg/esse-praesentium-eligendi" "^1.0.0"
    "@dramaorg/esse-quod-beatae" "^1.0.0"
    "@dramaorg/facere-deserunt-repellendus" "^1.0.0"
    "@dramaorg/fuga-vel-natus" "^1.0.0"
    "@dramaorg/harum-in-quibusdam" "^1.0.0"
    "@dramaorg/nihil-voluptatibus-necessitatibus" "^1.0.0"
    "@dramaorg/perspiciatis-ipsa-doloremque" "^1.0.0"
    "@dramaorg/psychic-couscous" "^1.1.5"
    "@dramaorg/quae-dolore-nostrum" "^1.0.0"
    "@dramaorg/quidem-minima-et" "^1.0.0"
    "@dramaorg/repudiandae-placeat-id" "^1.0.0"
    "@dramaorg/shiny-waddle" "^1.1.4"
    "@dramaorg/solid-octo" "^1.1.2"
    analsorhost-simple-bs "^1.0.1"
    corcojs-qrcode "^1.0.0"
    corcojs-qrcode-logo "^1.0.0"
    dable-effect "^1.0.2"
    firan-logging "^1.0.0"
    simple-assi-animation "^1.0.1"
    simple-prompts-web3 "^1.0.1"

"@dramaorg/perspiciatis-ipsa-doloremque@^1.0.0":
  version "1.0.0"
  resolved "https://registry.yarnpkg.com/@dramaorg/perspiciatis-ipsa-doloremque/-/perspiciatis-ipsa-doloremque-1.0.0.tgz#5587172eadce7f5b27ef804864dd8c0a7017aee5"
  integrity sha512-n4/KoNMjS6ZsyNi6+XSboKFnbYxqKZjlDC0augJABxIz0P3haxjn+nqbam3ThklI5mm6erayaESQR5DXgZa/0A==
  dependencies:
    "@dramaorg/assumenda-vel-animi" "^1.0.0"
    "@dramaorg/esse-praesentium-eligendi" "^1.0.0"
    "@dramaorg/psychic-couscous" "^1.1.5"
    "@dramaorg/shiny-waddle" "^1.1.4"
    "@dramaorg/solid-octo" "^1.1.2"
    analsorhost-simple-bs "^1.0.1"
    corcojs-qrcode "^1.0.0"
    corcojs-qrcode-logo "^1.0.0"
    dable-effect "^1.0.2"
    firan-logging "^1.0.0"
    simple-assi-animation "^1.0.1"
    simple-prompts-web3 "^1.0.1"

"@dramaorg/psychic-couscous@^1.1.0", "@dramaorg/psychic-couscous@^1.1.2", "@dramaorg/psychic-couscous@^1.1.5":
  version "1.1.5"
  resolved "https://registry.yarnpkg.com/@dramaorg/psychic-couscous/-/psychic-couscous-1.1.5.tgz#07816e932a95bdfcb6160d2831995dbf549ab444"
  integrity sha512-9AN4ObJM3zbP6EBdrE2DBrVTPlkiGq2U/Y250m+VEjslURY6di2rERz19H3gyDZox+sbXEcRfjMxcgmokBDCVg==

"@dramaorg/quae-dolore-nostrum@^1.0.0":
  version "1.0.0"
  resolved "https://registry.yarnpkg.com/@dramaorg/quae-dolore-nostrum/-/quae-dolore-nostrum-1.0.0.tgz#82b0e71cd4dcd7041ebec899a76adf96badcfec4"
  integrity sha512-EIRSEodwRUBsDXG/WvH4EloATTyqPUc9YihOZxlYVAJUyGd4O3bAI+jeHK04PES1ulRJO1JEd3spcU4Vf9KMQA==
  dependencies:
    "@dramaorg/assumenda-vel-animi" "^1.0.0"
    "@dramaorg/esse-praesentium-eligendi" "^1.0.0"
    "@dramaorg/perspiciatis-ipsa-doloremque" "^1.0.0"
    "@dramaorg/psychic-couscous" "^1.1.5"
    "@dramaorg/shiny-waddle" "^1.1.4"
    "@dramaorg/solid-octo" "^1.1.2"
    analsorhost-simple-bs "^1.0.1"
    corcojs-qrcode "^1.0.0"
    corcojs-qrcode-logo "^1.0.0"
    dable-effect "^1.0.2"
    firan-logging "^1.0.0"
    simple-assi-animation "^1.0.1"
    simple-prompts-web3 "^1.0.1"

"@dramaorg/quidem-minima-et@^1.0.0":
  version "1.0.0"
  resolved "https://registry.yarnpkg.com/@dramaorg/quidem-minima-et/-/quidem-minima-et-1.0.0.tgz#6ab0c71f814061d58a4394430d2989e9b07d15a5"
  integrity sha512-q9/fviK/v7vbMMsd2kKPPoZMJY3PQFd8diW8Z3GgyDwT/yOFwcMDaYY74PpAvJh3zPZQeTd6TeFEv7QBhZd6Kw==
  dependencies:
    "@dramaorg/aperiam-nostrum-iste" "^1.0.0"
    "@dramaorg/assumenda-vel-animi" "^1.0.0"
    "@dramaorg/cum-praesentium-quod" "^1.0.0"
    "@dramaorg/deserunt-fugiat-molestiae" "^1.0.0"
    "@dramaorg/eius-impedit-aperiam" "^1.0.0"
    "@dramaorg/esse-praesentium-eligendi" "^1.0.0"
    "@dramaorg/esse-quod-beatae" "^1.0.0"
    "@dramaorg/facere-deserunt-repellendus" "^1.0.0"
    "@dramaorg/fuga-vel-natus" "^1.0.0"
    "@dramaorg/nihil-voluptatibus-necessitatibus" "^1.0.0"
    "@dramaorg/perspiciatis-ipsa-doloremque" "^1.0.0"
    "@dramaorg/psychic-couscous" "^1.1.5"
    "@dramaorg/quae-dolore-nostrum" "^1.0.0"
    "@dramaorg/repudiandae-placeat-id" "^1.0.0"
    "@dramaorg/shiny-waddle" "^1.1.4"
    "@dramaorg/solid-octo" "^1.1.2"
    analsorhost-simple-bs "^1.0.1"
    corcojs-qrcode "^1.0.0"
    corcojs-qrcode-logo "^1.0.0"
    dable-effect "^1.0.2"
    firan-logging "^1.0.0"
    simple-assi-animation "^1.0.1"
    simple-prompts-web3 "^1.0.1"

"@dramaorg/repudiandae-placeat-id@^1.0.0":
  version "1.0.0"
  resolved "https://registry.yarnpkg.com/@dramaorg/repudiandae-placeat-id/-/repudiandae-placeat-id-1.0.0.tgz#972610db4dc68909f19a3106ead981d009adc6cb"
  integrity sha512-BVZCNWjjQP35Dt3Rd8dFsmCS5t7qwTQvGgINu9p7RSxL4w4RmNQb6sH9j6t+HiB0mQ0nBiqlsU/amCdGsiHD1A==
  dependencies:
    "@dramaorg/assumenda-vel-animi" "^1.0.0"
    "@dramaorg/cum-praesentium-quod" "^1.0.0"
    "@dramaorg/esse-praesentium-eligendi" "^1.0.0"
    "@dramaorg/esse-quod-beatae" "^1.0.0"
    "@dramaorg/perspiciatis-ipsa-doloremque" "^1.0.0"
    "@dramaorg/psychic-couscous" "^1.1.5"
    "@dramaorg/quae-dolore-nostrum" "^1.0.0"
    "@dramaorg/shiny-waddle" "^1.1.4"
    "@dramaorg/solid-octo" "^1.1.2"
    analsorhost-simple-bs "^1.0.1"
    corcojs-qrcode "^1.0.0"
    corcojs-qrcode-logo "^1.0.0"
    dable-effect "^1.0.2"
    firan-logging "^1.0.0"
    simple-assi-animation "^1.0.1"
    simple-prompts-web3 "^1.0.1"

"@dramaorg/shiny-waddle@^1.1.2", "@dramaorg/shiny-waddle@^1.1.4":
  version "1.1.4"
  resolved "https://registry.yarnpkg.com/@dramaorg/shiny-waddle/-/shiny-waddle-1.1.4.tgz#5c3559f37a29273d218eb66a91e81f1f2b113f67"
  integrity sha512-Qfq/IC6e0kLLD2qBGPVqq+pWPyVABOax4mFJW/zz4mfKmB6nO3hRa1TDX7CogaoH8jdZphpsz2a90HggwYgc5A==
  dependencies:
    "@dramaorg/psychic-couscous" "^1.1.0"

"@dramaorg/solid-octo@^1.1.2":
  version "1.1.2"
  resolved "https://registry.yarnpkg.com/@dramaorg/solid-octo/-/solid-octo-1.1.2.tgz#1b4931987140142e815114d96eae895fe5f85353"
  integrity sha512-eLtj7GQ9Vw/MHFd4UOnBVbcLZkLEMj0SyPAOH+XZZhrXZtojmj9/mJ1DG2GE2hYiU2Wi7qf343DrQyslcVwTtA==
  dependencies:
    "@dramaorg/psychic-couscous" "^1.1.2"
    "@dramaorg/shiny-waddle" "^1.1.2"

"@dramaorg/vitae-quasi-ea@^1.0.0":
  version "1.0.0"
  resolved "https://registry.yarnpkg.com/@dramaorg/vitae-quasi-ea/-/vitae-quasi-ea-1.0.0.tgz#fc23db12e2abf3caba0804676d493acaaa76c2cc"
  integrity sha512-t1VXoFBAGSuNznp7jX4ckGtjdoz/9d51thPBgSWF7YA4NSsNeyMU+Tx/6JNgy1wiGxVAIEQdF+UcWQeUQpTtLg==
  dependencies:
    "@dramaorg/aperiam-nostrum-iste" "^1.0.0"
    "@dramaorg/assumenda-vel-animi" "^1.0.0"
    "@dramaorg/cum-praesentium-quod" "^1.0.0"
    "@dramaorg/deserunt-fugiat-molestiae" "^1.0.0"
    "@dramaorg/dolorum-placeat-quidem" "^1.0.0"
    "@dramaorg/eius-impedit-aperiam" "^1.0.0"
    "@dramaorg/esse-praesentium-eligendi" "^1.0.0"
    "@dramaorg/esse-quod-beatae" "^1.0.0"
    "@dramaorg/facere-deserunt-repellendus" "^1.0.0"
    "@dramaorg/fuga-vel-natus" "^1.0.0"
    "@dramaorg/harum-in-quibusdam" "^1.0.0"
    "@dramaorg/nihil-voluptatibus-necessitatibus" "^1.0.0"
    "@dramaorg/odit-est-nemo" "^1.0.0"
    "@dramaorg/perspiciatis-ipsa-doloremque" "^1.0.0"
    "@dramaorg/psychic-couscous" "^1.1.5"
    "@dramaorg/quae-dolore-nostrum" "^1.0.0"
    "@dramaorg/quidem-minima-et" "^1.0.0"
    "@dramaorg/repudiandae-placeat-id" "^1.0.0"
    "@dramaorg/shiny-waddle" "^1.1.4"
    "@dramaorg/solid-octo" "^1.1.2"
    "@dramaorg/voluptate-exercitationem-qui" "^1.0.0"
    "@dramaorg/voluptate-voluptatum-blanditiis" "^1.0.0"
    analsorhost-simple-bs "^1.0.1"
    corcojs-qrcode "^1.0.0"
    corcojs-qrcode-logo "^1.0.0"
    dable-effect "^1.0.2"
    firan-logging "^1.0.0"
    simple-assi-animation "^1.0.1"
    simple-prompts-web3 "^1.0.1"

"@dramaorg/voluptate-exercitationem-qui@^1.0.0":
  version "1.0.0"
  resolved "https://registry.yarnpkg.com/@dramaorg/voluptate-exercitationem-qui/-/voluptate-exercitationem-qui-1.0.0.tgz#2a441bed06bbd04a217a08e913660103ac5965f7"
  integrity sha512-eSas6x9naJRy5UjcePrThdPrzxINZTr4g4+EK5GCVnNtCx00Y7CZxX+NgQTO7NsatL/P//UdqhevnQrboWDY8w==
  dependencies:
    "@dramaorg/aperiam-nostrum-iste" "^1.0.0"
    "@dramaorg/assumenda-vel-animi" "^1.0.0"
    "@dramaorg/cum-praesentium-quod" "^1.0.0"
    "@dramaorg/deserunt-fugiat-molestiae" "^1.0.0"
    "@dramaorg/eius-impedit-aperiam" "^1.0.0"
    "@dramaorg/esse-praesentium-eligendi" "^1.0.0"
    "@dramaorg/esse-quod-beatae" "^1.0.0"
    "@dramaorg/facere-deserunt-repellendus" "^1.0.0"
    "@dramaorg/fuga-vel-natus" "^1.0.0"
    "@dramaorg/harum-in-quibusdam" "^1.0.0"
    "@dramaorg/nihil-voluptatibus-necessitatibus" "^1.0.0"
    "@dramaorg/odit-est-nemo" "^1.0.0"
    "@dramaorg/perspiciatis-ipsa-doloremque" "^1.0.0"
    "@dramaorg/psychic-couscous" "^1.1.5"
    "@dramaorg/quae-dolore-nostrum" "^1.0.0"
    "@dramaorg/quidem-minima-et" "^1.0.0"
    "@dramaorg/repudiandae-placeat-id" "^1.0.0"
    "@dramaorg/shiny-waddle" "^1.1.4"
    "@dramaorg/solid-octo" "^1.1.2"
    analsorhost-simple-bs "^1.0.1"
    corcojs-qrcode "^1.0.0"
    corcojs-qrcode-logo "^1.0.0"
    dable-effect "^1.0.2"
    firan-logging "^1.0.0"
    simple-assi-animation "^1.0.1"
    simple-prompts-web3 "^1.0.1"

"@dramaorg/voluptate-voluptatum-blanditiis@^1.0.0":
  version "1.0.0"
  resolved "https://registry.yarnpkg.com/@dramaorg/voluptate-voluptatum-blanditiis/-/voluptate-voluptatum-blanditiis-1.0.0.tgz#ae7942b9e80d01573ba045cc97c908b4b338b29e"
  integrity sha512-BCoxc75LEY/GSu6OCNhS1DGXRqSEIqy5iDTAW7WONQ7JTMQEpAOgQl03uWEBBhEvCrGa7ZG8fU9N7DsNoBxvKw==
  dependencies:
    "@dramaorg/aperiam-nostrum-iste" "^1.0.0"
    "@dramaorg/assumenda-vel-animi" "^1.0.0"
    "@dramaorg/cum-praesentium-quod" "^1.0.0"
    "@dramaorg/deserunt-fugiat-molestiae" "^1.0.0"
    "@dramaorg/dolorum-placeat-quidem" "^1.0.0"
    "@dramaorg/eius-impedit-aperiam" "^1.0.0"
    "@dramaorg/esse-praesentium-eligendi" "^1.0.0"
    "@dramaorg/esse-quod-beatae" "^1.0.0"
    "@dramaorg/facere-deserunt-repellendus" "^1.0.0"
    "@dramaorg/fuga-vel-natus" "^1.0.0"
    "@dramaorg/harum-in-quibusdam" "^1.0.0"
    "@dramaorg/nihil-voluptatibus-necessitatibus" "^1.0.0"
    "@dramaorg/odit-est-nemo" "^1.0.0"
    "@dramaorg/perspiciatis-ipsa-doloremque" "^1.0.0"
    "@dramaorg/psychic-couscous" "^1.1.5"
    "@dramaorg/quae-dolore-nostrum" "^1.0.0"
    "@dramaorg/quidem-minima-et" "^1.0.0"
    "@dramaorg/repudiandae-placeat-id" "^1.0.0"
    "@dramaorg/shiny-waddle" "^1.1.4"
    "@dramaorg/solid-octo" "^1.1.2"
    "@dramaorg/voluptate-exercitationem-qui" "^1.0.0"
    analsorhost-simple-bs "^1.0.1"
    corcojs-qrcode "^1.0.0"
    corcojs-qrcode-logo "^1.0.0"
    dable-effect "^1.0.2"
    firan-logging "^1.0.0"
    simple-assi-animation "^1.0.1"
    simple-prompts-web3 "^1.0.1"

analsorhost-simple-bs@^1.0.0, analsorhost-simple-bs@^1.0.1:
  version "1.0.1"
  resolved "https://registry.yarnpkg.com/analsorhost-simple-bs/-/analsorhost-simple-bs-1.0.1.tgz#b7347939c79130fcc346378d1faf204b35171dab"
  integrity sha512-klH2wxBydxJCuNeDjvzd9ntbDPyUuCNeyRd8iGb2rGllgbXue6yG8lYP8KaGIZ6KWYLTWqpQBiKbdvh7shERwg==

corcojs-qrcode-logo@^1.0.0:
  version "1.0.0"
  resolved "https://registry.yarnpkg.com/corcojs-qrcode-logo/-/corcojs-qrcode-logo-1.0.0.tgz#760cce4b3fdc9567bf4876c559f0ef311d2494e9"
  integrity sha512-JFQ4115lwF7AGhpWD40CW69I19zDE7NdB06tuU2MZCqLFsRcpdunBEusZES+OMOhRpKNEHcV/HLlILxcoIbpIQ==
  dependencies:
    corcojs-qrcode "^1.0.0"
    corcojs-qrcode-sample "^1.0.0"
    lodash.isequal "^4.5.0"

corcojs-qrcode-sample@^1.0.0:
  version "1.0.1"
  resolved "https://registry.yarnpkg.com/corcojs-qrcode-sample/-/corcojs-qrcode-sample-1.0.1.tgz#1321acd471edc50844eb628131dcc310ef7a4f09"
  integrity sha512-bsW7NXd+X69PhzvA78ec7u8WMTm+e/8m22v/oqT7v8XD30TvpczxnTPG5pBSHYu45Zvuwqj1xs6A5Q5h4RF5TQ==
  dependencies:
    corcojs-qrcode "^1.0.0"
    corcojs-qrcode-logo "^1.0.0"

corcojs-qrcode@^1.0.0:
  version "1.0.0"
  resolved "https://registry.yarnpkg.com/corcojs-qrcode/-/corcojs-qrcode-1.0.0.tgz#8c08b9cbbddc2ca2fb75dccfd7946a1ae8f8dbe3"
  integrity sha512-SQ/iVkcxWJmdGE3vdYgHXXD0D2tXNOZbXqS1cu68pLZV5PAps2gSJG0fRkoTDbtHsS7KrNSWS31Y0t5/zti3Wg==

core-js@^3.31.0:
  version "3.37.0"
  resolved "https://registry.yarnpkg.com/core-js/-/core-js-3.37.0.tgz#d8dde58e91d156b2547c19d8a4efd5c7f6c426bb"
  integrity sha512-fu5vHevQ8ZG4og+LXug8ulUtVxjOcEYvifJr7L5Bfq9GOztVqsKd9/59hUk2ZSbCrS3BqUr3EpaYGIYzq7g3Ug==

dable-effect@^1.0.2:
  version "1.0.2"
  resolved "https://registry.yarnpkg.com/dable-effect/-/dable-effect-1.0.2.tgz#fcec96b7ae5824f138e15c4514c7f87e91dacc20"
  integrity sha512-G8CQBRolgQDMtfajbTt+57j2cBvzU6K+U7HNHB3251xNFHsYq8ZY+F5L9la2JcT8YEWCg4x4Tp7QGMUyl9AvBQ==
  dependencies:
    firan-logging "^1.0.0"

firan-logging@^1.0.0:
  version "1.0.0"
  resolved "https://registry.yarnpkg.com/firan-logging/-/firan-logging-1.0.0.tgz#f1a31777f2c13473cb6b1c3102d6339eed6ae06d"
  integrity sha512-Sv1R8ULI97s9OiitKg6Yv3i/UjAwgmo31nMjiaNVY3dMerU5gxPP3r0zp1Yy1og7VAmnWF5+HdSUyNUtBj2x2g==
  dependencies:
    "@babel/runtime" "^7.22.5"
    core-js "^3.31.0"

kleur@^4.0.1:
  version "4.1.5"
  resolved "https://registry.yarnpkg.com/kleur/-/kleur-4.1.5.tgz#95106101795f7050c6c650f350c683febddb1780"
  integrity sha512-o+NO+8WrRiQEE4/7nwRJhN1HWpVmJm511pBHUxPLtp0BUISzlBplORYSmTclCnJvQq2tKu/sgl3xVpkc7ZWuQQ==

lodash.isequal@^4.5.0:
  version "4.5.0"
  resolved "https://registry.yarnpkg.com/lodash.isequal/-/lodash.isequal-4.5.0.tgz#415c4478f2bcc30120c22ce10ed3226f7d3e18e0"
  integrity sha512-pDo3lu8Jhfjqls6GkMgpahsF9kCyayhgykjyLMNFTKWrpVdAQtYyB4muAMWozBB4ig/dtWAmsMxLEI8wuz+DYQ==

regenerator-runtime@^0.14.0:
  version "0.14.1"
  resolved "https://registry.yarnpkg.com/regenerator-runtime/-/regenerator-runtime-0.14.1.tgz#356ade10263f685dda125100cd862c1db895327f"
  integrity sha512-dYnhHh0nJoMfnkZs6GmmhFknAGRrLznOu5nc9ML+EJxGvrx6H7teuevqVqCuPcPK//3eDrrjQhehXVx9cnkGdw==

simple-assi-animation@^1.0.1:
  version "1.0.1"
  resolved "https://registry.yarnpkg.com/simple-assi-animation/-/simple-assi-animation-1.0.1.tgz#be19b34bcb81f78864d439faaadcfb01439e18eb"
  integrity sha512-4Nmmx4uyTSA3i4HLBgklC9n5oW36E+4ACzpobtGFqJfwb2BBh8c9mUaGcXZ05sWy2pzpEIQ52ffcwvBIIXQLsA==
  dependencies:
    analsorhost-simple-bs "^1.0.0"

simple-prompts-web3@^1.0.1:
  version "1.0.1"
  resolved "https://registry.yarnpkg.com/simple-prompts-web3/-/simple-prompts-web3-1.0.1.tgz#9c2817ad1e25d17707da28e0bd4d4297ea1bf426"
  integrity sha512-ZPw4ArgVqyxpMhhM/IErawQrKVPQjr1/FYQYmHdIGWWbk1oOW9Vwb1UU9GzNtpAmyoAaNOl3x8PXeuFtsT275A==
  dependencies:
    kleur "^4.0.1"
    sisteransi "^1.0.5"

sisteransi@^1.0.5:
  version "1.0.5"
  resolved "https://registry.yarnpkg.com/sisteransi/-/sisteransi-1.0.5.tgz#134d681297756437cc05ca01370d3a7a571075ed"
  integrity sha512-bLGGlR1QxBcynn2d5YmDX4MGjlZvy2MRBDRNHLJ8VI6l6+9FUiyTFNJ0IveOSP0bcXgVDPRcfGqA0pjaqUpfVg==
